// !$*UTF8*$!
{
	archiveVersion = 1;
	classes = {
	};
	objectVersion = 48;
	objects = {

/* Begin PBXBuildFile section */
		335612B61F696E130093CC9C /* RestaurantsCollectionViewController.swift in Sources */ = {isa = PBXBuildFile; fileRef = 335612B51F696E130093CC9C /* RestaurantsCollectionViewController.swift */; };
		335612B81F6972750093CC9C /* MyCustomCollectionViewCell.swift in Sources */ = {isa = PBXBuildFile; fileRef = 335612B71F6972740093CC9C /* MyCustomCollectionViewCell.swift */; };
		335612BB1F69729E0093CC9C /* RestaurantCollectionViewCell.swift in Sources */ = {isa = PBXBuildFile; fileRef = 335612B91F69729E0093CC9C /* RestaurantCollectionViewCell.swift */; };
		335612BC1F69729E0093CC9C /* RestaurantCollectionViewCell.xib in Resources */ = {isa = PBXBuildFile; fileRef = 335612BA1F69729E0093CC9C /* RestaurantCollectionViewCell.xib */; };
		33DB89701F66E16E00EF322D /* AppDelegate.swift in Sources */ = {isa = PBXBuildFile; fileRef = 33DB896F1F66E16E00EF322D /* AppDelegate.swift */; };
		33DB89721F66E16E00EF322D /* ViewController.swift in Sources */ = {isa = PBXBuildFile; fileRef = 33DB89711F66E16E00EF322D /* ViewController.swift */; };
		33DB89751F66E16E00EF322D /* Main.storyboard in Resources */ = {isa = PBXBuildFile; fileRef = 33DB89731F66E16E00EF322D /* Main.storyboard */; };
		33DB89781F66E16E00EF322D /* Swift_project.xcdatamodeld in Sources */ = {isa = PBXBuildFile; fileRef = 33DB89761F66E16E00EF322D /* Swift_project.xcdatamodeld */; };
		33DB897A1F66E16E00EF322D /* Assets.xcassets in Resources */ = {isa = PBXBuildFile; fileRef = 33DB89791F66E16E00EF322D /* Assets.xcassets */; };
		33DB897D1F66E16E00EF322D /* LaunchScreen.storyboard in Resources */ = {isa = PBXBuildFile; fileRef = 33DB897B1F66E16E00EF322D /* LaunchScreen.storyboard */; };
		33DB89861F68049B00EF322D /* Restaurant+CoreDataClass.swift in Sources */ = {isa = PBXBuildFile; fileRef = 33DB89841F68049B00EF322D /* Restaurant+CoreDataClass.swift */; };
		33DB89871F68049B00EF322D /* Restaurant+CoreDataProperties.swift in Sources */ = {isa = PBXBuildFile; fileRef = 33DB89851F68049B00EF322D /* Restaurant+CoreDataProperties.swift */; };
/* End PBXBuildFile section */

/* Begin PBXFileReference section */
		335612B51F696E130093CC9C /* RestaurantsCollectionViewController.swift */ = {isa = PBXFileReference; lastKnownFileType = sourcecode.swift; path = RestaurantsCollectionViewController.swift; sourceTree = "<group>"; };
		335612B71F6972740093CC9C /* MyCustomCollectionViewCell.swift */ = {isa = PBXFileReference; lastKnownFileType = sourcecode.swift; path = MyCustomCollectionViewCell.swift; sourceTree = "<group>"; };
		335612B91F69729E0093CC9C /* RestaurantCollectionViewCell.swift */ = {isa = PBXFileReference; lastKnownFileType = sourcecode.swift; path = RestaurantCollectionViewCell.swift; sourceTree = "<group>"; };
		335612BA1F69729E0093CC9C /* RestaurantCollectionViewCell.xib */ = {isa = PBXFileReference; lastKnownFileType = file.xib; path = RestaurantCollectionViewCell.xib; sourceTree = "<group>"; };
		33DB896C1F66E16E00EF322D /* Swift project.app */ = {isa = PBXFileReference; explicitFileType = wrapper.application; includeInIndex = 0; path = "Swift project.app"; sourceTree = BUILT_PRODUCTS_DIR; };
		33DB896F1F66E16E00EF322D /* AppDelegate.swift */ = {isa = PBXFileReference; lastKnownFileType = sourcecode.swift; path = AppDelegate.swift; sourceTree = "<group>"; };
		33DB89711F66E16E00EF322D /* ViewController.swift */ = {isa = PBXFileReference; lastKnownFileType = sourcecode.swift; path = ViewController.swift; sourceTree = "<group>"; };
		33DB89741F66E16E00EF322D /* Base */ = {isa = PBXFileReference; lastKnownFileType = file.storyboard; name = Base; path = Base.lproj/Main.storyboard; sourceTree = "<group>"; };
		33DB89771F66E16E00EF322D /* Swift_project.xcdatamodel */ = {isa = PBXFileReference; lastKnownFileType = wrapper.xcdatamodel; path = Swift_project.xcdatamodel; sourceTree = "<group>"; };
		33DB89791F66E16E00EF322D /* Assets.xcassets */ = {isa = PBXFileReference; lastKnownFileType = folder.assetcatalog; path = Assets.xcassets; sourceTree = "<group>"; };
		33DB897C1F66E16E00EF322D /* Base */ = {isa = PBXFileReference; lastKnownFileType = file.storyboard; name = Base; path = Base.lproj/LaunchScreen.storyboard; sourceTree = "<group>"; };
		33DB897E1F66E16E00EF322D /* Info.plist */ = {isa = PBXFileReference; lastKnownFileType = text.plist.xml; path = Info.plist; sourceTree = "<group>"; };
		33DB89841F68049B00EF322D /* Restaurant+CoreDataClass.swift */ = {isa = PBXFileReference; lastKnownFileType = sourcecode.swift; path = "Restaurant+CoreDataClass.swift"; sourceTree = "<group>"; };
		33DB89851F68049B00EF322D /* Restaurant+CoreDataProperties.swift */ = {isa = PBXFileReference; lastKnownFileType = sourcecode.swift; path = "Restaurant+CoreDataProperties.swift"; sourceTree = "<group>"; };
/* End PBXFileReference section */

/* Begin PBXFrameworksBuildPhase section */
		33DB89691F66E16E00EF322D /* Frameworks */ = {
			isa = PBXFrameworksBuildPhase;
			buildActionMask = 2147483647;
			files = (
			);
			runOnlyForDeploymentPostprocessing = 0;
		};
/* End PBXFrameworksBuildPhase section */

/* Begin PBXGroup section */
		33DB89631F66E16E00EF322D = {
			isa = PBXGroup;
			children = (
				33DB896E1F66E16E00EF322D /* Swift project */,
				33DB896D1F66E16E00EF322D /* Products */,
			);
			sourceTree = "<group>";
		};
		33DB896D1F66E16E00EF322D /* Products */ = {
			isa = PBXGroup;
			children = (
				33DB896C1F66E16E00EF322D /* Swift project.app */,
			);
			name = Products;
			sourceTree = "<group>";
		};
		33DB896E1F66E16E00EF322D /* Swift project */ = {
			isa = PBXGroup;
			children = (
				33DB89841F68049B00EF322D /* Restaurant+CoreDataClass.swift */,
				33DB89851F68049B00EF322D /* Restaurant+CoreDataProperties.swift */,
				33DB896F1F66E16E00EF322D /* AppDelegate.swift */,
				33DB89711F66E16E00EF322D /* ViewController.swift */,
				33DB89731F66E16E00EF322D /* Main.storyboard */,
				335612B91F69729E0093CC9C /* RestaurantCollectionViewCell.swift */,
				335612BA1F69729E0093CC9C /* RestaurantCollectionViewCell.xib */,
				335612B71F6972740093CC9C /* MyCustomCollectionViewCell.swift */,
				335612B51F696E130093CC9C /* RestaurantsCollectionViewController.swift */,
				33DB89791F66E16E00EF322D /* Assets.xcassets */,
				33DB897B1F66E16E00EF322D /* LaunchScreen.storyboard */,
				33DB897E1F66E16E00EF322D /* Info.plist */,
				33DB89761F66E16E00EF322D /* Swift_project.xcdatamodeld */,
			);
			path = "Swift project";
			sourceTree = "<group>";
		};
/* End PBXGroup section */

/* Begin PBXNativeTarget section */
		33DB896B1F66E16E00EF322D /* Swift project */ = {
			isa = PBXNativeTarget;
			buildConfigurationList = 33DB89811F66E16E00EF322D /* Build configuration list for PBXNativeTarget "Swift project" */;
			buildPhases = (
				33DB89681F66E16E00EF322D /* Sources */,
				33DB89691F66E16E00EF322D /* Frameworks */,
				33DB896A1F66E16E00EF322D /* Resources */,
			);
			buildRules = (
			);
			dependencies = (
			);
			name = "Swift project";
			productName = "Swift project";
			productReference = 33DB896C1F66E16E00EF322D /* Swift project.app */;
			productType = "com.apple.product-type.application";
		};
/* End PBXNativeTarget section */

/* Begin PBXProject section */
		33DB89641F66E16E00EF322D /* Project object */ = {
			isa = PBXProject;
			attributes = {
				LastSwiftUpdateCheck = 0900;
				LastUpgradeCheck = 0900;
				ORGANIZATIONNAME = "Ludovic Ollagnier";
				TargetAttributes = {
					33DB896B1F66E16E00EF322D = {
						CreatedOnToolsVersion = 9.0;
						ProvisioningStyle = Automatic;
					};
				};
			};
			buildConfigurationList = 33DB89671F66E16E00EF322D /* Build configuration list for PBXProject "Swift project" */;
			compatibilityVersion = "Xcode 8.0";
			developmentRegion = en;
			hasScannedForEncodings = 0;
			knownRegions = (
				en,
				Base,
			);
			mainGroup = 33DB89631F66E16E00EF322D;
			productRefGroup = 33DB896D1F66E16E00EF322D /* Products */;
			projectDirPath = "";
			projectRoot = "";
			targets = (
				33DB896B1F66E16E00EF322D /* Swift project */,
			);
		};
/* End PBXProject section */

/* Begin PBXResourcesBuildPhase section */
		33DB896A1F66E16E00EF322D /* Resources */ = {
			isa = PBXResourcesBuildPhase;
			buildActionMask = 2147483647;
			files = (
				33DB897D1F66E16E00EF322D /* LaunchScreen.storyboard in Resources */,
				33DB897A1F66E16E00EF322D /* Assets.xcassets in Resources */,
				335612BC1F69729E0093CC9C /* RestaurantCollectionViewCell.xib in Resources */,
				33DB89751F66E16E00EF322D /* Main.storyboard in Resources */,
			);
			runOnlyForDeploymentPostprocessing = 0;
		};
/* End PBXResourcesBuildPhase section */

/* Begin PBXSourcesBuildPhase section */
		33DB89681F66E16E00EF322D /* Sources */ = {
			isa = PBXSourcesBuildPhase;
			buildActionMask = 2147483647;
			files = (
				33DB89781F66E16E00EF322D /* Swift_project.xcdatamodeld in Sources */,
				335612BB1F69729E0093CC9C /* RestaurantCollectionViewCell.swift in Sources */,
				335612B81F6972750093CC9C /* MyCustomCollectionViewCell.swift in Sources */,
				33DB89721F66E16E00EF322D /* ViewController.swift in Sources */,
				33DB89861F68049B00EF322D /* Restaurant+CoreDataClass.swift in Sources */,
				335612B61F696E130093CC9C /* RestaurantsCollectionViewController.swift in Sources */,
				33DB89701F66E16E00EF322D /* AppDelegate.swift in Sources */,
				33DB89871F68049B00EF322D /* Restaurant+CoreDataProperties.swift in Sources */,
			);
			runOnlyForDeploymentPostprocessing = 0;
		};
/* End PBXSourcesBuildPhase section */

/* Begin PBXVariantGroup section */
		33DB89731F66E16E00EF322D /* Main.storyboard */ = {
			isa = PBXVariantGroup;
			children = (
				33DB89741F66E16E00EF322D /* Base */,
			);
			name = Main.storyboard;
			sourceTree = "<group>";
		};
		33DB897B1F66E16E00EF322D /* LaunchScreen.storyboard */ = {
			isa = PBXVariantGroup;
			children = (
				33DB897C1F66E16E00EF322D /* Base */,
			);
			name = LaunchScreen.storyboard;
			sourceTree = "<group>";
		};
/* End PBXVariantGroup section */

/* Begin XCBuildConfiguration section */
		33DB897F1F66E16E00EF322D /* Debug */ = {
			isa = XCBuildConfiguration;
			buildSettings = {
				ALWAYS_SEARCH_USER_PATHS = NO;
				CLANG_ANALYZER_NONNULL = YES;
				CLANG_ANALYZER_NUMBER_OBJECT_CONVERSION = YES_AGGRESSIVE;
				CLANG_CXX_LANGUAGE_STANDARD = "gnu++14";
				CLANG_CXX_LIBRARY = "libc++";
				CLANG_ENABLE_MODULES = YES;
				CLANG_ENABLE_OBJC_ARC = YES;
				CLANG_WARN_BLOCK_CAPTURE_AUTORELEASING = YES;
				CLANG_WARN_BOOL_CONVERSION = YES;
				CLANG_WARN_COMMA = YES;
				CLANG_WARN_CONSTANT_CONVERSION = YES;
				CLANG_WARN_DIRECT_OBJC_ISA_USAGE = YES_ERROR;
				CLANG_WARN_DOCUMENTATION_COMMENTS = YES;
				CLANG_WARN_EMPTY_BODY = YES;
				CLANG_WARN_ENUM_CONVERSION = YES;
				CLANG_WARN_INFINITE_RECURSION = YES;
				CLANG_WARN_INT_CONVERSION = YES;
				CLANG_WARN_NON_LITERAL_NULL_CONVERSION = YES;
				CLANG_WARN_OBJC_LITERAL_CONVERSION = YES;
				CLANG_WARN_OBJC_ROOT_CLASS = YES_ERROR;
				CLANG_WARN_RANGE_LOOP_ANALYSIS = YES;
				CLANG_WARN_STRICT_PROTOTYPES = YES;
				CLANG_WARN_SUSPICIOUS_MOVE = YES;
				CLANG_WARN_UNGUARDED_AVAILABILITY = YES_AGGRESSIVE;
				CLANG_WARN_UNREACHABLE_CODE = YES;
				CLANG_WARN__DUPLICATE_METHOD_MATCH = YES;
				CODE_SIGN_IDENTITY = "iPhone Developer";
				COPY_PHASE_STRIP = NO;
				DEBUG_INFORMATION_FORMAT = dwarf;
				ENABLE_STRICT_OBJC_MSGSEND = YES;
				ENABLE_TESTABILITY = YES;
				GCC_C_LANGUAGE_STANDARD = gnu11;
				GCC_DYNAMIC_NO_PIC = NO;
				GCC_NO_COMMON_BLOCKS = YES;
				GCC_OPTIMIZATION_LEVEL = 0;
				GCC_PREPROCESSOR_DEFINITIONS = (
					"DEBUG=1",
					"$(inherited)",
				);
				GCC_WARN_64_TO_32_BIT_CONVERSION = YES;
				GCC_WARN_ABOUT_RETURN_TYPE = YES_ERROR;
				GCC_WARN_UNDECLARED_SELECTOR = YES;
				GCC_WARN_UNINITIALIZED_AUTOS = YES_AGGRESSIVE;
				GCC_WARN_UNUSED_FUNCTION = YES;
				GCC_WARN_UNUSED_VARIABLE = YES;
				IPHONEOS_DEPLOYMENT_TARGET = 11.0;
				MTL_ENABLE_DEBUG_INFO = YES;
				ONLY_ACTIVE_ARCH = YES;
				SDKROOT = iphoneos;
				SWIFT_ACTIVE_COMPILATION_CONDITIONS = DEBUG;
				SWIFT_OPTIMIZATION_LEVEL = "-Onone";
			};
			name = Debug;
		};
		33DB89801F66E16E00EF322D /* Release */ = {
			isa = XCBuildConfiguration;
			buildSettings = {
				ALWAYS_SEARCH_USER_PATHS = NO;
				CLANG_ANALYZER_NONNULL = YES;
				CLANG_ANALYZER_NUMBER_OBJECT_CONVERSION = YES_AGGRESSIVE;
				CLANG_CXX_LANGUAGE_STANDARD = "gnu++14";
				CLANG_CXX_LIBRARY = "libc++";
				CLANG_ENABLE_MODULES = YES;
				CLANG_ENABLE_OBJC_ARC = YES;
				CLANG_WARN_BLOCK_CAPTURE_AUTORELEASING = YES;
				CLANG_WARN_BOOL_CONVERSION = YES;
				CLANG_WARN_COMMA = YES;
				CLANG_WARN_CONSTANT_CONVERSION = YES;
				CLANG_WARN_DIRECT_OBJC_ISA_USAGE = YES_ERROR;
				CLANG_WARN_DOCUMENTATION_COMMENTS = YES;
				CLANG_WARN_EMPTY_BODY = YES;
				CLANG_WARN_ENUM_CONVERSION = YES;
				CLANG_WARN_INFINITE_RECURSION = YES;
				CLANG_WARN_INT_CONVERSION = YES;
				CLANG_WARN_NON_LITERAL_NULL_CONVERSION = YES;
				CLANG_WARN_OBJC_LITERAL_CONVERSION = YES;
				CLANG_WARN_OBJC_ROOT_CLASS = YES_ERROR;
				CLANG_WARN_RANGE_LOOP_ANALYSIS = YES;
				CLANG_WARN_STRICT_PROTOTYPES = YES;
				CLANG_WARN_SUSPICIOUS_MOVE = YES;
				CLANG_WARN_UNGUARDED_AVAILABILITY = YES_AGGRESSIVE;
				CLANG_WARN_UNREACHABLE_CODE = YES;
				CLANG_WARN__DUPLICATE_METHOD_MATCH = YES;
				CODE_SIGN_IDENTITY = "iPhone Developer";
				COPY_PHASE_STRIP = NO;
				DEBUG_INFORMATION_FORMAT = "dwarf-with-dsym";
				ENABLE_NS_ASSERTIONS = NO;
				ENABLE_STRICT_OBJC_MSGSEND = YES;
				GCC_C_LANGUAGE_STANDARD = gnu11;
				GCC_NO_COMMON_BLOCKS = YES;
				GCC_WARN_64_TO_32_BIT_CONVERSION = YES;
				GCC_WARN_ABOUT_RETURN_TYPE = YES_ERROR;
				GCC_WARN_UNDECLARED_SELECTOR = YES;
				GCC_WARN_UNINITIALIZED_AUTOS = YES_AGGRESSIVE;
				GCC_WARN_UNUSED_FUNCTION = YES;
				GCC_WARN_UNUSED_VARIABLE = YES;
				IPHONEOS_DEPLOYMENT_TARGET = 11.0;
				MTL_ENABLE_DEBUG_INFO = NO;
				SDKROOT = iphoneos;
				SWIFT_OPTIMIZATION_LEVEL = "-Owholemodule";
				VALIDATE_PRODUCT = YES;
			};
			name = Release;
		};
		33DB89821F66E16E00EF322D /* Debug */ = {
			isa = XCBuildConfiguration;
			buildSettings = {
				ASSETCATALOG_COMPILER_APPICON_NAME = AppIcon;
				CODE_SIGN_STYLE = Automatic;
				DEVELOPMENT_TEAM = A7SGM6JEMA;
				INFOPLIST_FILE = "Swift project/Info.plist";
				LD_RUNPATH_SEARCH_PATHS = "$(inherited) @executable_path/Frameworks";
				PRODUCT_BUNDLE_IDENTIFIER = fr.tectec.kjgkjsgckd;
				PRODUCT_NAME = "$(TARGET_NAME)";
				SWIFT_VERSION = 4.0;
				TARGETED_DEVICE_FAMILY = "1,2";
			};
			name = Debug;
		};
		33DB89831F66E16E00EF322D /* Release */ = {
			isa = XCBuildConfiguration;
			buildSettings = {
				ASSETCATALOG_COMPILER_APPICON_NAME = AppIcon;
				CODE_SIGN_STYLE = Automatic;
				DEVELOPMENT_TEAM = A7SGM6JEMA;
				INFOPLIST_FILE = "Swift project/Info.plist";
				LD_RUNPATH_SEARCH_PATHS = "$(inherited) @executable_path/Frameworks";
				PRODUCT_BUNDLE_IDENTIFIER = fr.tectec.kjgkjsgckd;
				PRODUCT_NAME = "$(TARGET_NAME)";
				SWIFT_VERSION = 4.0;
				TARGETED_DEVICE_FAMILY = "1,2";
			};
			name = Release;
		};
/* End XCBuildConfiguration section */

/* Begin XCConfigurationList section */
		33DB89671F66E16E00EF322D /* Build configuration list for PBXProject "Swift project" */ = {
			isa = XCConfigurationList;
			buildConfigurations = (
				33DB897F1F66E16E00EF322D /* Debug */,
				33DB89801F66E16E00EF322D /* Release */,
			);
			defaultConfigurationIsVisible = 0;
			defaultConfigurationName = Release;
		};
		33DB89811F66E16E00EF322D /* Build configuration list for PBXNativeTarget "Swift project" */ = {
			isa = XCConfigurationList;
			buildConfigurations = (
				33DB89821F66E16E00EF322D /* Debug */,
				33DB89831F66E16E00EF322D /* Release */,
			);
			defaultConfigurationIsVisible = 0;
			defaultConfigurationName = Release;
		};
/* End XCConfigurationList section */

/* Begin XCVersionGroup section */
		33DB89761F66E16E00EF322D /* Swift_project.xcdatamodeld */ = {
			isa = XCVersionGroup;
			children = (
				33DB89771F66E16E00EF322D /* Swift_project.xcdatamodel */,
			);
			currentVersion = 33DB89771F66E16E00EF322D /* Swift_project.xcdatamodel */;
			path = Swift_project.xcdatamodeld;
			sourceTree = "<group>";
			versionGroupType = wrapper.xcdatamodel;
		};
/* End XCVersionGroup section */
	};
	rootObject = 33DB89641F66E16E00EF322D /* Project object */;
}
